
Microsoft Visual Studio Solution File, Format Version 12.00
# Visual Studio 14
VisualStudioVersion = 14.0.25420.1
MinimumVisualStudioVersion = 10.0.40219.1
Project("{8BC9CEB8-8B4A-11D0-8D11-00A0C91BC942}") = "zlogWin", "zlogWin\zlogWin.vcxproj", "{96396583-A99F-4EE9-B7FB-1B4088725644}"
EndProject
Project("{8BC9CEB8-8B4A-11D0-8D11-00A0C91BC942}") = "test", "test\test.vcxproj", "{48953AB6-3B48-472D-8B2C-63BE28993D95}"
EndProject
Project("{8BC9CEB8-8B4A-11D0-8D11-00A0C91BC942}") = "zlog_chk_conf", "zlog_chk_conf\zlog_chk_conf.vcxproj", "{4B1A1CBE-15F7-4FE5-A86E-DD4A38EB719E}"
EndProject
Project("{8BC9CEB8-8B4A-11D0-8D11-00A0C91BC942}") = "unixem", "unixem-1.9.1\build\vc71\unixem.vcxproj", "{686285D3-B322-41AE-8BFC-7E0D98973BA2}"
EndProject
Global
	GlobalSection(SolutionConfigurationPlatforms) = preSolution
		Debug|x86 = Debug|x86
		Release|x86 = Release|x86
	EndGlobalSection
	GlobalSection(ProjectConfigurationPlatforms) = postSolution
		{96396583-A99F-4EE9-B7FB-1B4088725644}.Debug|x86.ActiveCfg = Debug|Win32
		{96396583-A99F-4EE9-B7FB-1B4088725644}.Debug|x86.Build.0 = Debug|Win32
		{96396583-A99F-4EE9-B7FB-1B4088725644}.Release|x86.ActiveCfg = Release|Win32
		{96396583-A99F-4EE9-B7FB-1B4088725644}.Release|x86.Build.0 = Release|Win32
		{48953AB6-3B48-472D-8B2C-63BE28993D95}.Debug|x86.ActiveCfg = Debug|Win32
		{48953AB6-3B48-472D-8B2C-63BE28993D95}.Debug|x86.Build.0 = Debug|Win32
		{48953AB6-3B48-472D-8B2C-63BE28993D95}.Release|x86.ActiveCfg = Release|Win32
		{48953AB6-3B48-472D-8B2C-63BE28993D95}.Release|x86.Build.0 = Release|Win32
		{4B1A1CBE-15F7-4FE5-A86E-DD4A38EB719E}.Debug|x86.ActiveCfg = Debug|Win32
		{4B1A1CBE-15F7-4FE5-A86E-DD4A38EB719E}.Debug|x86.Build.0 = Debug|Win32
		{4B1A1CBE-15F7-4FE5-A86E-DD4A38EB719E}.Release|x86.ActiveCfg = Release|Win32
		{4B1A1CBE-15F7-4FE5-A86E-DD4A38EB719E}.Release|x86.Build.0 = Release|Win32
		{686285D3-B322-41AE-8BFC-7E0D98973BA2}.Debug|x86.ActiveCfg = Debug|Win32
		{686285D3-B322-41AE-8BFC-7E0D98973BA2}.Debug|x86.Build.0 = Debug|Win32
		{686285D3-B322-41AE-8BFC-7E0D98973BA2}.Release|x86.ActiveCfg = Release|Win32
		{686285D3-B322-41AE-8BFC-7E0D98973BA2}.Release|x86.Build.0 = Release|Win32
	EndGlobalSection
	GlobalSection(SolutionProperties) = preSolution
		HideSolutionNode = FALSE
	EndGlobalSection
EndGlobal
